version = 1
revision = 3
requires-python = ">=3.14"

[[package]]
name = "av"
version = "18.1.0"
source = { registry = "https://pypi.org/simple" }
sdist = { url = "https://files.pythonhosted.org/packages/8d/f4/f22114d30d3435e38c6af2b4870f37b864403dca6ae7af747a289ce0a18e/av-18.1.0.tar.gz", hash = "sha256:47bfc286e1bc9de7ab4681fc2b575cd2460a66919d31ffe1bd5aa54fae531a28", size = 4451061, upload-time = "2026-08-12T22:28:18.761Z" }
wheels = [
    { url = "https://files.pythonhosted.org/packages/05/d4/d7cdc8bff143c17a6d35924375ae28dd692cacde38700a7d419fde54f44a/av-18.1.0-cp311-abi3-macosx_11_0_x86_64.whl", hash = "sha256:ae75d8bb6467895ed1f8572ededf7ffa49eac07f6e483222f5d7d62a41d12f04", size = 22546147, upload-time = "2026-08-12T22:27:11.851Z" },
    { url = "https://files.pythonhosted.org/packages/3f/c9/37a619297492256b77d5ed906e7d8166c10a26ed251dccf1ae03ab19bff6/av-18.1.0-cp311-abi3-macosx_14_0_arm64.whl", hash = "sha256:b30a4e8d934558e19602b68998a4d9ac9f250fa0dacef216f7e8e40153b13316", size = 18217603, upload-time = "2026-08-12T22:27:14.713Z" },
    { url = "https://files.pythonhosted.org/packages/d9/84/2464ffb64c08c5ce8b522c8e74594714414e3b0575267652c5c51c0574b9/av-18.1.0-cp311-abi3-manylinux_2_28_aarch64.whl", hash = "sha256:6fc837cc51adf80331ac850779cd53b5d4c4460b0ebe9057a02a921c6736f19d", size = 33640142, upload-time = "2026-08-12T22:27:17.835Z" },
    { url = "https://files.pythonhosted.org/packages/27/3a/204dbfc3e08eb4cdc6e6ff57be02150bc44523ebdb50182d10025792ebd9/av-18.1.0-cp311-abi3-manylinux_2_28_x86_64.whl", hash = "sha256:8a032e8d8ebc73dec079364b9b4a6837638a2d106e8472314e685ffbf163e700", size = 35786210, upload-time = "2026-08-12T22:27:20.984Z" },
    { url = "https://files.pythonhosted.org/packages/e1/99/b0d04ec553ff9a7e00455458dfa3a39c8a8f627b273056b4e5fe57d590de/av-18.1.0-cp311-abi3-manylinux_2_31_armv7l.whl", hash = "sha256:3c8b1f8b46f99d52e2d8b0ed5d0cdadf172d24794d46e2077b16e44ed08e26ff", size = 39379798, upload-time = "2026-08-12T22:27:24.432Z" },
    { url = "https://files.pythonhosted.org/packages/56/b1/e00d4feae59160149df6126585e726fdc6300798fd40c5dd324879e81f68/av-18.1.0-cp311-abi3-musllinux_1_2_aarch64.whl", hash = "sha256:ab5ac081bc9eaf54109120d4e56284674fecfbe520d9aa1707c7fa911ec5f4d2", size = 34690321, upload-time = "2026-08-12T22:27:27.769Z" },
    { url = "https://files.pythonhosted.org/packages/dc/94/836fa987e3084d11a21489f11357fb24843ef3aa8faf74ddddfc603d5062/av-18.1.0-cp311-abi3-musllinux_1_2_x86_64.whl", hash = "sha256:191224788d87af06c31784a395bb73f14b72f33d7f4871ace0157de2abdc6276", size = 36859932, upload-time = "2026-08-12T22:27:31.403Z" },
    { url = "https://files.pythonhosted.org/packages/33/b4/76ba21e46704f632004276b85289a1582e95f5eff760436d6149875a1881/av-18.1.0-cp311-abi3-win_amd64.whl", hash = "sha256:ea1480b7a8d5405cb5f382b344731bf125fd2c1c6fae3964f6c48595628387ff", size = 27595679, upload-time = "2026-08-12T22:27:35.177Z" },
    { url = "https://files.pythonhosted.org/packages/4f/ad/a3135884c5753b09773176b97201ae602f67ad14206c395ff838d66bf9b0/av-18.1.0-cp311-abi3-win_arm64.whl", hash = "sha256:5509ec12aaa19fd6601de13cfa6f4cdad450da07982118510592875d970454d6", size = 20257584, upload-time = "2026-08-12T22:27:38.472Z" },
    { url = "https://files.pythonhosted.org/packages/4f/5b/4a756265d7fb164336c8d377bca21c39cfa2c178be23cedee840a69b59c5/av-18.1.0-cp314-cp314t-macosx_11_0_x86_64.whl", hash = "sha256:b36b0bae9e4c62f9487c99481ec15e4e3870fcc868522cd6d18fc2d6bfa04f01", size = 22795654, upload-time = "2026-08-12T22:27:42.016Z" },
    { url = "https://files.pythonhosted.org/packages/d5/cc/1bc841462114a1adf4f7d87456ab78a6972e23271e71865fcd2bbd0e7360/av-18.1.0-cp314-cp314t-macosx_14_0_arm64.whl", hash = "sha256:025f84494cb23278498f03b0d8117d3e47a1cbc9c44b97eb31875cf02251e46b", size = 18435735, upload-time = "2026-08-12T22:27:45.787Z" },
    { url = "https://files.pythonhosted.org/packages/b8/20/005500ed17a2e62a5e4bb94aa3786942560ec2f55ec1895ebf174c87abef/av-18.1.0-cp314-cp314t-manylinux_2_28_aarch64.whl", hash = "sha256:08a9ae288299cfcbf739dba4ad0c53b9b71f45184303dd45947920d022fed695", size = 37090807, upload-time = "2026-08-12T22:27:50.14Z" },
    { url = "https://files.pythonhosted.org/packages/5c/f7/11e7f6d848d3690c31ca4f8578167393e619177f1493ccc93b9400852d4e/av-18.1.0-cp314-cp314t-manylinux_2_28_x86_64.whl", hash = "sha256:cf8a17466bef07765dbdecc9e66ed9b25d20b4e14f654fbf35345a58ac45fa0c", size = 38976836, upload-time = "2026-08-12T22:27:54.565Z" },
    { url = "https://files.pythonhosted.org/packages/c3/63/b271473b24e806062d31191e40c6d65545e9cf59f80f044eba56dcbba0f4/av-18.1.0-cp314-cp314t-manylinux_2_31_armv7l.whl", hash = "sha256:d49a5c542dfdc00f43c6cdb6cc41dac1781ee206fe180b56aa7433dfa816dfae", size = 40896630, upload-time = "2026-08-12T22:27:59.118Z" },
    { url = "https://files.pythonhosted.org/packages/6b/9f/2ab7fa292a947ad3466ed8e655eefa3b82f535d7ea598c297b4471a937c4/av-18.1.0-cp314-cp314t-musllinux_1_2_aarch64.whl", hash = "sha256:5548b79e2bf1f59b3e9aedc918a72d9dc45b9adaac10ff9470d5dbdda0002e47", size = 37895673, upload-time = "2026-08-12T22:28:03.98Z" },
    { url = "https://files.pythonhosted.org/packages/e9/d8/04507c57249b399c3e4f23f01d221532f357338b5316fd2858fbd343127d/av-18.1.0-cp314-cp314t-musllinux_1_2_x86_64.whl", hash = "sha256:e7ea063f6690193ea335a1d592d6e0274350d45e2ed6af83ee107cb90cbfd84f", size = 39992431, upload-time = "2026-08-12T22:28:08.736Z" },
    { url = "https://files.pythonhosted.org/packages/d6/d6/bc4b95bea9c2353a7e4d62a3fcfad9adcf0f881741c6ce01ee179d539ce3/av-18.1.0-cp314-cp314t-win_amd64.whl", hash = "sha256:e4d48b9f12cad009cc72fe4f4099107de5e819c95f82767f4fd01a01481c0661", size = 28497798, upload-time = "2026-08-12T22:28:13.003Z" },
    { url = "https://files.pythonhosted.org/packages/c1/d2/0c277a46f12647c1833f40496e132fb6001e0d19e6144b5ea30896461feb/av-18.1.0-cp314-cp314t-win_arm64.whl", hash = "sha256:5cd9085028902c9880622bd37a12fd4b33060f06a52311f6f4867ca9f29a2c3b", size = 21421979, upload-time = "2026-08-12T22:28:16.48Z" },
]

[[package]]
name = "colorama"
version = "0.4.6"
source = { registry = "https://pypi.org/simple" }
sdist = { url = "https://files.pythonhosted.org/packages/d8/53/6f443c9a4a8358a93a6792e2acffb9d9d5cb0a5cfd8802644b7b1c9a02e4/colorama-0.4.6.tar.gz", hash = "sha256:08695f5cb7ed6e0531a20572697297273c47b8cae5a63ffc6d6ed5c201be6e44", size = 27697, upload-time = "2022-10-25T02:36:22.414Z" }
wheels = [
    { url = "https://files.pythonhosted.org/packages/d1/d6/3965ed04c63042e047cb6a3e6ed1a63a35087b6a609aa3a15ed8ac56c221/colorama-0.4.6-py2.py3-none-any.whl", hash = "sha256:4f1d9991f5acc0ca119f9d443620b77f9d6b33703e51011c16baf57afb285fc6", size = 25335, upload-time = "2022-10-25T02:36:20.889Z" },
]

[[package]]
name = "iniconfig"
version = "2.3.0"
source = { registry = "https://pypi.org/simple" }
sdist = { url = "https://files.pythonhosted.org/packages/72/34/14ca021ce8e5dfedc35312d08ba8bf51fdd999c576889fc2c24cb97f4f10/iniconfig-2.3.0.tar.gz", hash = "sha256:c76315c77db068650d49c5b56314774a7804df16fee4402c1f19d6d15d8c4730", size = 20503, upload-time = "2025-10-18T21:55:43.219Z" }
wheels = [
    { url = "https://files.pythonhosted.org/packages/cb/b1/3846dd7f199d53cb17f49cba7e651e9ce294d8497c8c150530ed11865bb8/iniconfig-2.3.0-py3-none-any.whl", hash = "sha256:f631c04d2c48c52b84d0d0549c99ff3859c98df65b3101406327ecc7d53fbf12", size = 7484, upload-time = "2025-10-18T21:55:41.639Z" },
]

[[package]]
name = "ndi-python"
version = "6.3.2.4"
source = { registry = "https://pypi.org/simple" }
dependencies = [
    { name = "numpy" },
]
wheels = [
    { url = "https://files.pythonhosted.org/packages/37/c2/af784f75a3b500b0b63cae6b598258c03c32e75c7cba22e9a7b53e027525/ndi_python-6.3.2.4-cp314-cp314-macosx_13_0_arm64.whl", hash = "sha256:f512fffde3ab0be5ff02ea1e6f1aa22020bbdb25d58d9fc7c551d1c362364555", size = 4868751, upload-time = "2026-09-07T11:36:19.436Z" },
    { url = "https://files.pythonhosted.org/packages/e5/2f/9fdaa3b51c297c52138031916093baef96855c868a0656ededb14a00138b/ndi_python-6.3.2.4-cp314-cp314-manylinux_2_26_aarch64.manylinux_2_28_aarch64.whl", hash = "sha256:6c933207fd34a145cb8326287af3947095c9bd6f82a615f208ae72de773d20a7", size = 5731079, upload-time = "2026-09-07T11:36:21.761Z" },
    { url = "https://files.pythonhosted.org/packages/30/37/9493a4ac846edb31e00fd4f237947f96621e0b44f9e1a4edcd481e0751de/ndi_python-6.3.2.4-cp314-cp314-manylinux_2_26_armv7l.manylinux_2_31_armv7l.whl", hash = "sha256:cb022fceae8c6001fe9c5f7b9bee9ee134420d30667152f06cd4d8d6b003856d", size = 5662574, upload-time = "2026-09-07T11:36:23.745Z" },
    { url = "https://files.pythonhosted.org/packages/8a/14/53a6ffa6fa1966b8e93d61dcc8893c4111dc163e185c0bf74b008685fb50/ndi_python-6.3.2.4-cp314-cp314-manylinux_2_27_x86_64.manylinux_2_28_x86_64.whl", hash = "sha256:69e3d0ef9c1f60a64584214997dc0bac432c65256805e68a9f7842301b930c82", size = 10401289, upload-time = "2026-09-07T11:36:26.286Z" },
    { url = "https://files.pythonhosted.org/packages/f4/ed/90c175c94a8a32750ad4aadc3254bdea0c54caf85007fc47d1ab76251f40/ndi_python-6.3.2.4-cp314-cp314-win_amd64.whl", hash = "sha256:e9654efddc936247c5e1abbb09ed39e719206e49bd33a09aa019a3cc8b4deef6", size = 4779158, upload-time = "2026-09-07T11:36:28.814Z" },
]

[[package]]
name = "numpy"
version = "2.5.3"
source = { registry = "https://pypi.org/simple" }
sdist = { url = "https://files.pythonhosted.org/packages/13/01/11703282db468b85f6f7b8c7f22d058de5970d5c7e60a3a8aaa313c3de36/numpy-2.5.3.tar.gz", hash = "sha256:df2d5874ff183595a4ba404edd04f6bd9b5505c1d7708573f6a6c17489a67563", size = 20791231, upload-time = "2026-09-06T16:27:47.073Z" }
wheels = [
    { url = "https://files.pythonhosted.org/packages/70/78/cf416f15dc29375a229d9dfebf8db6e313f291580b39fa1a568b6052bb07/numpy-2.5.3-cp314-cp314-macosx_10_15_x86_64.whl", hash = "sha256:350ba9783ce969cf9f7ce6e6a9a58e1a6e2a19ca025b7ee448c4db727706212a", size = 16998686, upload-time = "2026-09-06T16:25:33.171Z" },
    { url = "https://files.pythonhosted.org/packages/9e/59/abcc2d8def4fd60eec7d87f92d27c13448ffd9ab14339bcc63a0d7a2fdea/numpy-2.5.3-cp314-cp314-macosx_11_0_arm64.whl", hash = "sha256:012e66aca395d795496446e52aeeb5866312a5d4d3f27da270e5a0b43f70dc5c", size = 12013862, upload-time = "2026-09-06T16:25:36.748Z" },
    { url = "https://files.pythonhosted.org/packages/94/75/4640d2d6e4b64a049e48425a82728a41ef4adb61332d2cba68055774878b/numpy-2.5.3-cp314-cp314-macosx_14_0_arm64.whl", hash = "sha256:adc1ada2662f8a5f960b8a10d9986897e7499ef07e06d4cfe7197f8cce923c07", size = 5449793, upload-time = "2026-09-06T16:25:39.476Z" },
    { url = "https://files.pythonhosted.org/packages/96/cd/625b57ae33d4ca560f32cc0b47b4a5922146d9beb998ddf773900d440a73/numpy-2.5.3-cp314-cp314-macosx_14_0_x86_64.whl", hash = "sha256:54a115e5a73b8fc44f0cebef486365a1894b5c9760685d4558b72b7c3eb846e0", size = 6785176, upload-time = "2026-09-06T16:25:42.069Z" },
    { url = "https://files.pythonhosted.org/packages/9c/72/12918652e7912ef9751e8694c88820fcd1908e0618cb23f5f3caa6004b7b/numpy-2.5.3-cp314-cp314-manylinux_2_27_aarch64.manylinux_2_28_aarch64.whl", hash = "sha256:be5a8381859b6da607c84f4f7d6847725f1cf1853ef8a2c9e115b7d58bef47dc", size = 15703377, upload-time = "2026-09-06T16:25:45.135Z" },
    { url = "https://files.pythonhosted.org/packages/45/8f/9beacf79ca7c650688ad0baa80931adb988fe6e6e5d5903c23cc3dbd70eb/numpy-2.5.3-cp314-cp314-manylinux_2_27_x86_64.manylinux_2_28_x86_64.whl", hash = "sha256:b0521d0f4aebb6e06189451025fa17a913287b13c03d5fe05c017333b654ea5b", size = 16711928, upload-time = "2026-09-06T16:25:48.461Z" },
    { url = "https://files.pythonhosted.org/packages/09/8d/41d0a56e1ac4c87495c897a211b1368691b7237aadabec8b3b8f3a74d48f/numpy-2.5.3-cp314-cp314-musllinux_1_2_aarch64.whl", hash = "sha256:9deb49575e5b0b94ed72c8a64ec4d033381adc27e9060ae842971f697ba96104", size = 17059507, upload-time = "2026-09-06T16:25:51.873Z" },
    { url = "https://files.pythonhosted.org/packages/08/1e/0dfbc5cc251d54e2af790f254d24ec38637fa97ec7d5d11de7ffed787098/numpy-2.5.3-cp314-cp314-musllinux_1_2_x86_64.whl", hash = "sha256:b00eefbcf0f292945c4b4dec2ae845389ef5bcdcd596e6e4328051db5b5ba694", size = 18471002, upload-time = "2026-09-06T16:25:55.233Z" },
    { url = "https://files.pythonhosted.org/packages/b5/2c/dfa40f6991f8185c8c30ffd023dfcbb11888e823cfab9557b920f3bb7bed/numpy-2.5.3-cp314-cp314-win32.whl", hash = "sha256:c2381f82999704f818e2c987a865050e285ec3621262c66d40f5a96c8f899f8e", size = 6180485, upload-time = "2026-09-06T16:25:58.157Z" },
    { url = "https://files.pythonhosted.org/packages/a4/73/d2c08231e4fde7e415501fd02c715d96e98599b2d8384445933944152984/numpy-2.5.3-cp314-cp314-win_amd64.whl", hash = "sha256:2c25dfa72943e4336ddb6b0ee4277b47a0c85bede0807530ec68103bf58e2c10", size = 12698179, upload-time = "2026-09-06T16:26:00.789Z" },
    { url = "https://files.pythonhosted.org/packages/5c/e9/dcdcc9b95cf5f49815055573aee1b11cfbf5299f38a180e437ded050810f/numpy-2.5.3-cp314-cp314-win_arm64.whl", hash = "sha256:15aa985ac73a8db02db7663381aa109510449d3819d37206caed27b33a65a8a6", size = 10769383, upload-time = "2026-09-06T16:26:04.011Z" },
    { url = "https://files.pythonhosted.org/packages/49/c4/af8bc08a7ef4e1529a7c0cf24969accce316b783999802089a581ec99272/numpy-2.5.3-cp314-cp314t-macosx_11_0_arm64.whl", hash = "sha256:ac7bb1c52d445bd4f8f7f97fefe6abc3a084dc4d63df50d79b17fa2b78e89297", size = 12132668, upload-time = "2026-09-06T16:26:07.138Z" },
    { url = "https://files.pythonhosted.org/packages/c5/ae/0f15eb56d4ec5e13c1f7ff04ff407f997d1acbadb45d3e1f2e2645a8f43c/numpy-2.5.3-cp314-cp314t-macosx_14_0_arm64.whl", hash = "sha256:e6ab667ba76450084eb64013762c438ea76d9d29cc676dcd6c2e9892ba37f841", size = 5568580, upload-time = "2026-09-06T16:26:09.828Z" },
    { url = "https://files.pythonhosted.org/packages/23/fb/c72a8f25d4b6e96c354e7ab45ace3b27dc11e5d6a13b6c7d0cd6b08bf112/numpy-2.5.3-cp314-cp314t-macosx_14_0_x86_64.whl", hash = "sha256:f7fabeb6cea87d65f3b926de33d03fb016cfdc29314c90974383b5582ae72891", size = 6882634, upload-time = "2026-09-06T16:26:12.524Z" },
    { url = "https://files.pythonhosted.org/packages/07/a9/968c90ed2ab15060c338e8137f1215b5a60756ae07328e0a60d1c6734df4/numpy-2.5.3-cp314-cp314t-manylinux_2_27_aarch64.manylinux_2_28_aarch64.whl", hash = "sha256:1fb6f8fb9ff0b3a69f52c66ce397b0246583e9f28616231b0e32ca49259a5fa6", size = 15748923, upload-time = "2026-09-06T16:26:15.092Z" },
    { url = "https://files.pythonhosted.org/packages/59/08/9df04103947b95e3b6b1f2ed1a70521f325647a31b82da6a2aae3a485508/numpy-2.5.3-cp314-cp314t-manylinux_2_27_x86_64.manylinux_2_28_x86_64.whl", hash = "sha256:93e1f5447e2b1e479d7bd74701e84746b86450cff1fc368b132d195e2b8f8211", size = 16746748, upload-time = "2026-09-06T16:26:18.43Z" },
    { url = "https://files.pythonhosted.org/packages/41/a0/14c8d5fe5b53a334aabb653deb391c0fef49558f491880ea300ed6785224/numpy-2.5.3-cp314-cp314t-musllinux_1_2_aarch64.whl", hash = "sha256:c00abe94c1a69d75d827dcf1c025b25c8a45d230b3bcd77a9020883a1b047653", size = 17111561, upload-time = "2026-09-06T16:26:22.113Z" },
    { url = "https://files.pythonhosted.org/packages/c4/a6/d7e96e42f01522e154c32489640f16dfc4f6181d165d05fc3bec8c2c4999/numpy-2.5.3-cp314-cp314t-musllinux_1_2_x86_64.whl", hash = "sha256:536f963710a4e63934d80ac0dc4f478804a83e9a84b6828018f25d09953ada33", size = 18513945, upload-time = "2026-09-06T16:26:25.401Z" },
    { url = "https://files.pythonhosted.org/packages/25/39/3453afb7119d0449ef11c886874120ff180e2c337760e0e2d88f70f1a945/numpy-2.5.3-cp314-cp314t-win32.whl", hash = "sha256:4c8a6d2ebce6305fd82fbefca827775437147052a976ee7c94b36a0c1b52ac6c", size = 6335421, upload-time = "2026-09-06T16:26:28.175Z" },
    { url = "https://files.pythonhosted.org/packages/99/01/22815d2b19a1a746b1d45205cffebb3fe511a18acb75fba6c88491fc9894/numpy-2.5.3-cp314-cp314t-win_amd64.whl", hash = "sha256:9a37475425b431b4d060f23b4f52cd2f3aef6bc7c654bd760adf0040eec9d435", size = 12896420, upload-time = "2026-09-06T16:26:31.265Z" },
    { url = "https://files.pythonhosted.org/packages/fa/ee/a7cbba67eeaff038dc29ca8b98a88396c8b0cc9c89d4924f4a27a5c9150b/numpy-2.5.3-cp314-cp314t-win_arm64.whl", hash = "sha256:2d8240cb4c16fd831074aa2b2cf9fc54664d826341d61c372245b96a74a49a9a", size = 10857177, upload-time = "2026-09-06T16:26:34.167Z" },
    { url = "https://files.pythonhosted.org/packages/45/56/78194492883ff5eec90423fe56a3a44b154da047d88a6307f629713c584f/numpy-2.5.3-cp315-cp315-macosx_10_15_x86_64.whl", hash = "sha256:a6391fafaba97500887132cd582abc6e19452b1ac775a47caa7b24490e152058", size = 16996531, upload-time = "2026-09-06T16:26:37.287Z" },
    { url = "https://files.pythonhosted.org/packages/11/39/dd55c0af90bbab564b09ae3b0aa60ec5c02b900fa4f1ba23440525c8b32d/numpy-2.5.3-cp315-cp315-macosx_11_0_arm64.whl", hash = "sha256:09d5a423c71ad5feb5625844ad58050e35df43871004b52ac9c0ad44a56775be", size = 12012569, upload-time = "2026-09-06T16:26:40.707Z" },
    { url = "https://files.pythonhosted.org/packages/b6/51/04f67d32e4862b281b1cb84ceeaed3421189a84fb6fb51a391cd6d5009f7/numpy-2.5.3-cp315-cp315-macosx_14_0_arm64.whl", hash = "sha256:f9579f383d1bf9df80081e72760e84960a7fd4f88cf0c9e535a8597c9bb646f5", size = 5448498, upload-time = "2026-09-06T16:26:43.435Z" },
    { url = "https://files.pythonhosted.org/packages/a3/c9/25b4dc0dd1344ec26c7319e84fd4e9809d2b5628f4e12decd618036e5178/numpy-2.5.3-cp315-cp315-macosx_14_0_x86_64.whl", hash = "sha256:86bff898a431c0fb71f7610b75726e75a54d47b37edc9d537f48de63bb3c0b90", size = 6783026, upload-time = "2026-09-06T16:26:46.374Z" },
    { url = "https://files.pythonhosted.org/packages/fc/c7/29285be1e5232a6e7ee3268a33c85843f5a8ee93350c6465cddd66ebbf76/numpy-2.5.3-cp315-cp315-manylinux_2_27_aarch64.manylinux_2_28_aarch64.whl", hash = "sha256:1f3ed25271581281f2fccb1adcedfcde4c07362eec69189b50baf6f90e3ae159", size = 15697322, upload-time = "2026-09-06T16:26:49.415Z" },
    { url = "https://files.pythonhosted.org/packages/55/49/bbad5335fb4996a16881f853ff3e0ba582f01720e55c89b1c06b8fc42a90/numpy-2.5.3-cp315-cp315-manylinux_2_27_x86_64.manylinux_2_28_x86_64.whl", hash = "sha256:ffdc76bfcae6b255dff75202c5e7feaf95b40246bc0a17944facc1fecf9f79ab", size = 16708995, upload-time = "2026-09-06T16:26:53.127Z" },
    { url = "https://files.pythonhosted.org/packages/ef/e9/1df35483760b04a65ea44669f89dc64f30e5aca098b48ceb8b1310b0e0fe/numpy-2.5.3-cp315-cp315-musllinux_1_2_aarch64.whl", hash = "sha256:116f96cadd935c6122e9228d676fe7ede19e741f5c8bb1c3cddbe0c51ccebea2", size = 17052508, upload-time = "2026-09-06T16:26:56.464Z" },
    { url = "https://files.pythonhosted.org/packages/b8/99/66e54da8265cc8be8a7382bf96edce17aaa2837d6f484432025932a3caa5/numpy-2.5.3-cp315-cp315-musllinux_1_2_x86_64.whl", hash = "sha256:09ffa5d903faeaa5c4dd05009cf81c8bab9f2cb37c548b8d39b65b4cfa7c97f7", size = 18468224, upload-time = "2026-09-06T16:26:59.966Z" },
    { url = "https://files.pythonhosted.org/packages/01/bc/b5e90a91c115168d793dfd2ad9c69c438c2fe7a13a437e770bc5b078e732/numpy-2.5.3-cp315-cp315-win32.whl", hash = "sha256:e01c918ac3d48e18a927cf7b14a26a3e29ff2bdf2eacb976da0aecd6a43ed034", size = 6179919, upload-time = "2026-09-06T16:27:03.166Z" },
    { url = "https://files.pythonhosted.org/packages/37/ea/780748fd3985109075514ef8fc64cd25f943e40dde13a6d59141eb268fc8/numpy-2.5.3-cp315-cp315-win_amd64.whl", hash = "sha256:e931e4f499e0dc7ef29d269a8e5b35dd722e5d14be07df6240166ea7c6532fae", size = 12697656, upload-time = "2026-09-06T16:27:06.153Z" },
    { url = "https://files.pythonhosted.org/packages/b3/16/407be69a2a87c8cab64d95975a8977a426a29e138f07e276ec258f0fe4e5/numpy-2.5.3-cp315-cp315-win_arm64.whl", hash = "sha256:26e15e4aecd8617dfbaecb37d223e365d7b39411fba20454be2670a96aa74cb5", size = 10767601, upload-time = "2026-09-06T16:27:09.297Z" },
    { url = "https://files.pythonhosted.org/packages/44/bf/a97ffb01e41d50a32a9177aef942a4d0e389a3daf451d04e5f38ef6afb87/numpy-2.5.3-cp315-cp315t-macosx_10_15_x86_64.whl", hash = "sha256:6cef4bb1706dfec49243c05d921eefb4e190d41e2528b30d8035ea1f36b4c24a", size = 17090092, upload-time = "2026-09-06T16:27:12.907Z" },
    { url = "https://files.pythonhosted.org/packages/d1/24/136c02f2c2af9a067a84d0c3aa10c99012c0476fa5066732fa4a4202557d/numpy-2.5.3-cp315-cp315t-macosx_11_0_arm64.whl", hash = "sha256:d1c89973648c85069c5046ad460f7b8a00218b29a2e42359ac8cc63e9ab94832", size = 12129429, upload-time = "2026-09-06T16:27:16.089Z" },
    { url = "https://files.pythonhosted.org/packages/fe/6c/b47582d6597789bf946d5efbeb6b9e56fd8bcbd5efc6fbf51dbe1ea31eb3/numpy-2.5.3-cp315-cp315t-macosx_14_0_arm64.whl", hash = "sha256:214045a5bf00113a146ab9ee9730c44501af6723cdf1f6830932f7b5ef2e7af0", size = 5565452, upload-time = "2026-09-06T16:27:19.868Z" },
    { url = "https://files.pythonhosted.org/packages/be/b4/ef3cc6da73774202d4deae16bb321fd8298a4e0561e3539f8c4be237d916/numpy-2.5.3-cp315-cp315t-macosx_14_0_x86_64.whl", hash = "sha256:8617bbfae4486cf99c9f899966699428d19da931d06ca94ad3da986c76e15997", size = 6876736, upload-time = "2026-09-06T16:27:22.232Z" },
    { url = "https://files.pythonhosted.org/packages/9e/24/e3813329498596cb842703dcacac1741612ed9fb9c4e6a3e0c7e2ebbc597/numpy-2.5.3-cp315-cp315t-manylinux_2_27_aarch64.manylinux_2_28_aarch64.whl", hash = "sha256:595d020938c84e320bcf40ad71089e108eac0d377cd018e14a8c094f39e98d85", size = 15745777, upload-time = "2026-09-06T16:27:25.181Z" },
    { url = "https://files.pythonhosted.org/packages/4a/9e/4e7a07fd0776dc2210cdacf2010be8665194d094defc10c419d7dea794cc/numpy-2.5.3-cp315-cp315t-manylinux_2_27_x86_64.manylinux_2_28_x86_64.whl", hash = "sha256:6f24021b9f22bc6301c37b196974a92c1c18dccedb6fef3dd252e95f2d6adbe4", size = 16746949, upload-time = "2026-09-06T16:27:28.576Z" },
    { url = "https://files.pythonhosted.org/packages/91/db/01674c0e20335057813a00c2ebd546ed25bff9ed7914f9bced00f8c55d94/numpy-2.5.3-cp315-cp315t-musllinux_1_2_aarch64.whl", hash = "sha256:71b39d9f935b6ec0f8753e3e2afb51e3efba6f2e05b68b32a40754d24bcd4a3c", size = 17108994, upload-time = "2026-09-06T16:27:31.946Z" },
    { url = "https://files.pythonhosted.org/packages/45/7a/584c5e71f8d378e57cac0b033891ed65c683ef90573ba4854e8c28203db0/numpy-2.5.3-cp315-cp315t-musllinux_1_2_x86_64.whl", hash = "sha256:6b05c171afb3aa07adbd20abc00aea86fe375beb0fdb9ef780ec5b7f63bab1c0", size = 18512266, upload-time = "2026-09-06T16:27:35.196Z" },
    { url = "https://files.pythonhosted.org/packages/a1/d2/4e1014173aa3c55e6a756e0e567290743a6ab33a288460374d7ef6bcd239/numpy-2.5.3-cp315-cp315t-win32.whl", hash = "sha256:f54660b0eb6b0b9f36e7fe1cdfdff472028dd0d14acd9b9b65098efbad059469", size = 6330292, upload-time = "2026-09-06T16:27:38.149Z" },
    { url = "https://files.pythonhosted.org/packages/6c/b0/ff5658a58199b7bcaad87bf260eef6713d9d42cca4e028f935b4fc5fbac6/numpy-2.5.3-cp315-cp315t-win_amd64.whl", hash = "sha256:1aad64d99730d013cfc6debafed22783b4fc5a7f4b8bc744d2d8cf7dcc880551", size = 12884918, upload-time = "2026-09-06T16:27:40.965Z" },
    { url = "https://files.pythonhosted.org/packages/fb/0b/b12a2df5d1b774bd9007a6fdff9381145b6223d37f11afc9c37ab0efd9a1/numpy-2.5.3-cp315-cp315t-win_arm64.whl", hash = "sha256:befa1ae5bd6030b3f512b43ff3fa5290bbed6b84411a44244b14adf835f5b89d", size = 10850807, upload-time = "2026-09-06T16:27:43.868Z" },
]

[[package]]
name = "packaging"
version = "26.3"
source = { registry = "https://pypi.org/simple" }
sdist = { url = "https://files.pythonhosted.org/packages/7d/fa/3944b40b07da9ce895c0e6303a5ab7d53da063554f534556b134a54d6093/packaging-26.3.tar.gz", hash = "sha256:94edc256424af38762eb31306eed28beb9f0efc50a8837492c9d6fd6004aed79", size = 313412, upload-time = "2026-08-04T18:15:28.737Z" }
wheels = [
    { url = "https://files.pythonhosted.org/packages/63/34/ba1c580383c9eada3711951fef0795c80b829a078d72188184bcab9dd527/packaging-26.3-py3-none-any.whl", hash = "sha256:d7193f7c8e4e93f444fde0262bf90af30e16fa0ad0ad44cb553c87339b23cd1c", size = 129956, upload-time = "2026-08-04T18:15:27.159Z" },
]

[[package]]
name = "pluggy"
version = "1.6.0"
source = { registry = "https://pypi.org/simple" }
sdist = { url = "https://files.pythonhosted.org/packages/f9/e2/3e91f31a7d2b083fe6ef3fa267035b518369d9511ffab804f839851d2779/pluggy-1.6.0.tar.gz", hash = "sha256:7dcc130b76258d33b90f61b658791dede3486c3e6bfb003ee5c9bfb396dd22f3", size = 69412, upload-time = "2025-05-15T12:30:07.975Z" }
wheels = [
    { url = "https://files.pythonhosted.org/packages/54/20/4d324d65cc6d9205fabedc306948156824eb9f0ee1633355a8f7ec5c66bf/pluggy-1.6.0-py3-none-any.whl", hash = "sha256:e920276dd6813095e9377c0bc5566d94c932c33b27a3e3945d8389c374dd4746", size = 20538, upload-time = "2025-05-15T12:30:06.134Z" },
]

[[package]]
name = "pygments"
version = "2.21.0"
source = { registry = "https://pypi.org/simple" }
sdist = { url = "https://files.pythonhosted.org/packages/49/2e/ced460408999b33da6b31b0021b0f37d329e202d4169aeb164493778f25b/pygments-2.21.0.tar.gz", hash = "sha256:610ca751c9bc2492b38eb9a38a7fbc93edbbb2d7182edaf34e66ae493dee5c8c", size = 5005329, upload-time = "2026-08-17T08:02:48.824Z" }
wheels = [
    { url = "https://files.pythonhosted.org/packages/71/46/17f022dd3e953bf20a04a028a21ec746d942f8d2af30fa0f124fa0e6a684/pygments-2.21.0-py3-none-any.whl", hash = "sha256:2363c69b61c4a97c838da3b130dcd6468f4848992b21a82f2a63ec34377137d9", size = 1250147, upload-time = "2026-08-17T08:02:44.912Z" },
]

[[package]]
name = "pytest"
version = "9.1.1"
source = { registry = "https://pypi.org/simple" }
dependencies = [
    { name = "colorama", marker = "sys_platform == 'win32'" },
    { name = "iniconfig" },
    { name = "packaging" },
    { name = "pluggy" },
    { name = "pygments" },
]
sdist = { url = "https://files.pythonhosted.org/packages/e4/47/b9efed96c114afcfa3c9d3fe98a76a1d14c74a9e266d397cf6eb64be5e01/pytest-9.1.1.tar.gz", hash = "sha256:1088fbde8f2b49d95a549a195707afa7a76a3ce9bcadc26b6d71f0ffda5fe313", size = 1636369, upload-time = "2026-06-19T10:58:32.857Z" }
wheels = [
    { url = "https://files.pythonhosted.org/packages/24/25/1de2678b631f5a49215c6c96fff41ba892b0a34df68d6d80292b1b48aa7f/pytest-9.1.1-py3-none-any.whl", hash = "sha256:37a86b45efb9a47a61a36449063e8e18d0cab3161329fc099eb21783169c4f0c", size = 386536, upload-time = "2026-06-19T10:58:31.347Z" },
]

[[package]]
name = "quickreplay"
version = "2.0.0.dev0"
source = { editable = "." }
dependencies = [
    { name = "av" },
    { name = "ndi-python" },
    { name = "numpy" },
]

[package.dev-dependencies]
dev = [
    { name = "pytest" },
    { name = "ruff" },
    { name = "ty" },
]

[package.metadata]
requires-dist = [
    { name = "av", specifier = ">=18.1.0" },
    { name = "ndi-python", specifier = "==6.3.2.4" },
    { name = "numpy", specifier = ">=2.5.3" },
]

[package.metadata.requires-dev]
dev = [
    { name = "pytest", specifier = ">=8.0" },
    { name = "ruff", specifier = ">=0.9" },
    { name = "ty", specifier = ">=0.0.1a0" },
]

[[package]]
name = "ruff"
version = "0.16.8"
source = { registry = "https://pypi.org/simple" }
sdist = { url = "https://files.pythonhosted.org/packages/ba/78/449cb84790bd5cc3823b2652ee405a4558856e5c4195aee3a16bf7b3eb5d/ruff-0.16.8.tar.gz", hash = "sha256:9247bf92b5f04d825c8639a4fe423ec2e4222acd9222e58412b0dab7e442798b", size = 4938814, upload-time = "2026-09-16T15:54:46.688Z" }
wheels = [
    { url = "https://files.pythonhosted.org/packages/ac/25/6071aabc530e9be7e2c195e8fe3f7aea2735405b6cf447212832d7811831/ruff-0.16.8-py3-none-linux_armv6l.whl", hash = "sha256:6ffbd6d87383c1edf5f6fa890f10200950240d7c1a16052a19a09d3a2307dd38", size = 10048966, upload-time = "2026-09-16T15:53:57.605Z" },
    { url = "https://files.pythonhosted.org/packages/54/98/07f90ecbc74dd5fb5764f11f2bc774d6a7cffef92d2ff5f5b4e9e23c754e/ruff-0.16.8-py3-none-macosx_10_12_x86_64.whl", hash = "sha256:42ed6b878ed61e3acca92f2730a17acff39286944ea82398544696366a6f925e", size = 10165498, upload-time = "2026-09-16T15:54:01.14Z" },
    { url = "https://files.pythonhosted.org/packages/fe/1f/e6a712e3b47cad4a40600134105ed193cb773f618a42eb7ba323cb812cc0/ruff-0.16.8-py3-none-macosx_11_0_arm64.whl", hash = "sha256:7ea781c7f2afba8c6a505ea0fb3f994020249e0c450635f5381286fea6b46170", size = 9830004, upload-time = "2026-09-16T15:54:03.998Z" },
    { url = "https://files.pythonhosted.org/packages/23/f2/311a08776d75d81c7676e20b6b020ae63cbe881fcdc7a8dd64e6e18bdd93/ruff-0.16.8-py3-none-manylinux_2_17_aarch64.manylinux2014_aarch64.whl", hash = "sha256:8efeae3bbe414a5efefda11a792dfb51ef90ac48d50c4830de2f644caf3e8659", size = 9986558, upload-time = "2026-09-16T15:54:06.804Z" },
    { url = "https://files.pythonhosted.org/packages/f3/ed/37b6cb3d3ba8c73e68ae3eb1d502383beb5aa05a582bb7bb3a922f929f54/ruff-0.16.8-py3-none-manylinux_2_17_armv7l.manylinux2014_armv7l.whl", hash = "sha256:3a79b795469fef7fc6e908b218eed2eb17332afd85031db6480dc864560e69b2", size = 9877332, upload-time = "2026-09-16T15:54:09.552Z" },
    { url = "https://files.pythonhosted.org/packages/22/cc/40873a8f36ad084cc540d55fcca7077264d5b13b24659e9180c176fb2b08/ruff-0.16.8-py3-none-manylinux_2_17_i686.manylinux2014_i686.whl", hash = "sha256:3fdc5563cdc50555e6fba39322850860e9267c1b3d12c26a74729d8604c3c812", size = 10507125, upload-time = "2026-09-16T15:54:12.152Z" },
    { url = "https://files.pythonhosted.org/packages/c3/e4/fc91a642b78ccbab6b9477720f3644ae7a10a9bcce69a934679cd64f62bc/ruff-0.16.8-py3-none-manylinux_2_17_ppc64le.manylinux2014_ppc64le.whl", hash = "sha256:34508983c70665578dab88f5223d8e6228307e1135398ca8bfc8b7e9501e282b", size = 11336694, upload-time = "2026-09-16T15:54:15.489Z" },
    { url = "https://files.pythonhosted.org/packages/c2/3d/bbd2a9a600a4e73dc3e7548a249c8d1671273464b55822c6fae50f602dff/ruff-0.16.8-py3-none-manylinux_2_17_s390x.manylinux2014_s390x.whl", hash = "sha256:644bb578569e0ffc575741232bd385dacdd6fbe123f1a729e7a225f54aa3957f", size = 10774448, upload-time = "2026-09-16T15:54:18.16Z" },
    { url = "https://files.pythonhosted.org/packages/1a/41/d83af9879a7b6e8bf5fe16b1da0b134049d2f5d3afac12defb0897cb84bd/ruff-0.16.8-py3-none-manylinux_2_17_x86_64.manylinux2014_x86_64.whl", hash = "sha256:15e7d226246961db9235098333caa13063906d3851136b84c2900b82f5daa1df", size = 10323796, upload-time = "2026-09-16T15:54:20.743Z" },
    { url = "https://files.pythonhosted.org/packages/f5/2c/cefd07bfe914b84943ea769ade8d607bd22750b965d3228eefd7cebd15d0/ruff-0.16.8-py3-none-manylinux_2_31_riscv64.whl", hash = "sha256:a2bf6bc3e9ebdd4449abc6f06cf64b98051a2c61cf94d2fe9596518c881f1a1e", size = 10514115, upload-time = "2026-09-16T15:54:23.497Z" },
    { url = "https://files.pythonhosted.org/packages/f3/9d/76a2e26c79a23be6e6e3664c57bec9e9fc8de155cfb9e4b67ea91b64f9d7/ruff-0.16.8-py3-none-musllinux_1_2_aarch64.whl", hash = "sha256:6ca111ba0849539165e9e59d2b442542f3c1e8060ebbdea82494f1ffbccb1e1f", size = 10072582, upload-time = "2026-09-16T15:54:26.185Z" },
    { url = "https://files.pythonhosted.org/packages/2e/d4/f42edddb39668af1a559ceafa3823aedd65633a48dc9768e775485faa2c1/ruff-0.16.8-py3-none-musllinux_1_2_armv7l.whl", hash = "sha256:359a1e5b495448ee1e91018064382ebc86f90e8aac2fed222c7d0e4e8df85fd2", size = 9879644, upload-time = "2026-09-16T15:54:29.278Z" },
    { url = "https://files.pythonhosted.org/packages/f8/d4/913e3195d95e0378786c6656945c865f534a3560e29139da4882aff630d1/ruff-0.16.8-py3-none-musllinux_1_2_i686.whl", hash = "sha256:59e8f5681349474110b24d62e93cfda6593f5fa3473446ca3705200cac1a08b9", size = 10231569, upload-time = "2026-09-16T15:54:32.036Z" },
    { url = "https://files.pythonhosted.org/packages/2b/c4/8aa6ea0bdcedbd1bf87397e2fc4ed8406448ea5842f8660bc6e5f163039d/ruff-0.16.8-py3-none-musllinux_1_2_x86_64.whl", hash = "sha256:efa3e7a16d1baaa79957888dfdf8be9ef2e44db81cb032af06d76632ab59e773", size = 10663666, upload-time = "2026-09-16T15:54:34.838Z" },
    { url = "https://files.pythonhosted.org/packages/3d/02/7f10ef4700bc223c30a3fdd10631a29830c45524b810a3c7ed947af64591/ruff-0.16.8-py3-none-win32.whl", hash = "sha256:55793ba85c69921e89be061426d91a78652d6e50317c962240922747a4eb713f", size = 10093472, upload-time = "2026-09-16T15:54:37.47Z" },
    { url = "https://files.pythonhosted.org/packages/1e/5d/a509c07d714b6da88f2c518b4637cf6f1d46b074be8f0f1e5fb9ff5126fe/ruff-0.16.8-py3-none-win_amd64.whl", hash = "sha256:a6b85621fd3c81e31fc5f5add09c9c078b430db3595ca632efafdec9e64ebfaa", size = 10586899, upload-time = "2026-09-16T15:54:40.488Z" },
    { url = "https://files.pythonhosted.org/packages/fe/a0/50787329e4f20bf9dc9f6230015d46ec69c51a97ace5bc202dae4755365d/ruff-0.16.8-py3-none-win_arm64.whl", hash = "sha256:d075e820af612102ce217f07cc93e69f9490b10ec13ea85fa87bd03d996cef8a", size = 10386316, upload-time = "2026-09-16T15:54:43.332Z" },
]

[[package]]
name = "ty"
version = "0.0.82"
source = { registry = "https://pypi.org/simple" }
sdist = { url = "https://files.pythonhosted.org/packages/f6/df/b9f35d0b8860f1bbfcb852fbef363301b5ca4b5590cadc6f2a810646d579/ty-0.0.82.tar.gz", hash = "sha256:586e3bf784cece42113929bb64b4761bed5c2127ae6cea294bb82da670066356", size = 7325958, upload-time = "2026-09-17T19:42:12.243Z" }
wheels = [
    { url = "https://files.pythonhosted.org/packages/31/0e/259760638b7b1a875743f1f3975253392932ff74397c8e174df7bfb143c3/ty-0.0.82-py3-none-linux_armv6l.whl", hash = "sha256:be58e089e317e1ada7a655216828e76d369386dc958f7a3b3d455ab6dc7f02b6", size = 13833734, upload-time = "2026-09-17T19:41:35.134Z" },
    { url = "https://files.pythonhosted.org/packages/70/f6/c8a1f70989cf44cf2cada5527e268b4216015a7f28f1d8817e4ef1e84a52/ty-0.0.82-py3-none-macosx_10_12_x86_64.whl", hash = "sha256:c080ba9a816cfbb3e34c0d3a0071829c602d14bb992bc799d885d4b30008b4ab", size = 13449689, upload-time = "2026-09-17T19:41:37.65Z" },
    { url = "https://files.pythonhosted.org/packages/d5/eb/31fc4bdecb2ff0053443d4ec1e6719a3f3171636ad6da7a8a642c879a4f4/ty-0.0.82-py3-none-macosx_11_0_arm64.whl", hash = "sha256:4f08bd5b751c3b2c46eabe8aee890e7fa54e3bcd97ffa4b8338b0a2508d928c2", size = 13410140, upload-time = "2026-09-17T19:41:40.024Z" },
    { url = "https://files.pythonhosted.org/packages/e7/14/e2af8c64004cd891691915b1522f105a5d601dd8d76a635fec112911f251/ty-0.0.82-py3-none-manylinux_2_17_aarch64.manylinux2014_aarch64.whl", hash = "sha256:7f5ef0401743c2eeac8039ef9ff1bc5dd612bd17ed0259b9b0794e19696548a6", size = 13435552, upload-time = "2026-09-17T19:41:42.084Z" },
    { url = "https://files.pythonhosted.org/packages/52/92/b9519a7854189aa8da4309ecb9c6ff5ab8ac91a433e201322b15c98f9388/ty-0.0.82-py3-none-manylinux_2_17_armv7l.manylinux2014_armv7l.whl", hash = "sha256:c899643f2a4c1782c06a4bf4959909d1aa2d9d2cac7c1ac3de3161dfcb6909f8", size = 13601427, upload-time = "2026-09-17T19:41:44.242Z" },
    { url = "https://files.pythonhosted.org/packages/ce/be/0c7a39e277a25bca21bbd2dcf640eb4d80cf98f318ef611092cda1222399/ty-0.0.82-py3-none-manylinux_2_17_i686.manylinux2014_i686.whl", hash = "sha256:b7aa6e4e157c6e0b770c327a5d966371b2a7bc7ad4f22d662ac068623cba00eb", size = 14457370, upload-time = "2026-09-17T19:41:46.405Z" },
    { url = "https://files.pythonhosted.org/packages/6f/33/86ff8f1e15c71096838eb0fdfe0f5b578dc717575de6cba591d96baf3b06/ty-0.0.82-py3-none-manylinux_2_17_ppc64le.manylinux2014_ppc64le.whl", hash = "sha256:28c141ab481748f1b889eb572e803172ea452af621e514c30a2f30884753b020", size = 14888674, upload-time = "2026-09-17T19:41:48.6Z" },
    { url = "https://files.pythonhosted.org/packages/0a/d2/a1c6315907afd080b4e98d2972441b4803a70c9663a8c7a7f6fd554c7361/ty-0.0.82-py3-none-manylinux_2_17_s390x.manylinux2014_s390x.whl", hash = "sha256:16fff2729fbaa3998ba1cab536dc7d176aef28927b09200588e50982394c56df", size = 14670369, upload-time = "2026-09-17T19:41:50.963Z" },
    { url = "https://files.pythonhosted.org/packages/ae/cd/956ceae4dbe0b116ebc9ecb75dcbe9a0294c50146f76c4c59004e6eb2d77/ty-0.0.82-py3-none-manylinux_2_17_x86_64.manylinux2014_x86_64.whl", hash = "sha256:c2024a33209b37525ffa85a29036985e9ef53a013c0ff321231bd8b23987cf71", size = 14107030, upload-time = "2026-09-17T19:41:53.343Z" },
    { url = "https://files.pythonhosted.org/packages/b7/f8/6025627cec4d6370fb34a2c5cdcf36d89dd4e4ac75b023bda68231e17dfc/ty-0.0.82-py3-none-manylinux_2_31_riscv64.whl", hash = "sha256:14a0ae8591e08aca5911b545d100e51c9b796350a85b2b36d82219820552d662", size = 14485892, upload-time = "2026-09-17T19:41:55.745Z" },
    { url = "https://files.pythonhosted.org/packages/3a/b6/016f9b36096a9ccd0492ee000380bd75fb51dc4ec7bfef4d6d93f6b3ec2e/ty-0.0.82-py3-none-musllinux_1_2_aarch64.whl", hash = "sha256:2964202b09108c72232760119c2680cefc33191c428b09e6f620b6c0ab9c6b0f", size = 13383907, upload-time = "2026-09-17T19:41:57.937Z" },
    { url = "https://files.pythonhosted.org/packages/b4/19/1ccc2429399d6ef3d98180340c7abc6793bd90c5039ad41a9003cb8de6df/ty-0.0.82-py3-none-musllinux_1_2_armv7l.whl", hash = "sha256:f4ed8fc714e35dc11ef4209832e73ad461cf29c9161099eb6c2c541c6b9a3e0e", size = 13617005, upload-time = "2026-09-17T19:42:00.018Z" },
    { url = "https://files.pythonhosted.org/packages/d7/9d/a4a487db72e78413bba2ee9cd49f79b8f461be93e7f6c4dd790febae1cd7/ty-0.0.82-py3-none-musllinux_1_2_i686.whl", hash = "sha256:32a3fe7b1a50f20679fe76c85c0087280419365d900300898a7b95cbcfe510fc", size = 13906545, upload-time = "2026-09-17T19:42:01.942Z" },
    { url = "https://files.pythonhosted.org/packages/0c/4e/a58d530c0f5abe7b846e2d05af9e3f1fb44a1b620ae0abe3892cd3f9596c/ty-0.0.82-py3-none-musllinux_1_2_x86_64.whl", hash = "sha256:f751044ae63ea9e73ce2eae4c23a839efa4a04d6487d6ea411a590fbe43360b6", size = 14248518, upload-time = "2026-09-17T19:42:04.164Z" },
    { url = "https://files.pythonhosted.org/packages/a6/db/5505229835171d19adcaaeec3a15e0b533b578d24de1329db5da9306c4c6/ty-0.0.82-py3-none-win32.whl", hash = "sha256:0eb66c5ce58434a48d2cae2780d25285c7ca19e07a0d38b1fe39d1a0f75d6fa3", size = 13059890, upload-time = "2026-09-17T19:42:06.161Z" },
    { url = "https://files.pythonhosted.org/packages/13/22/faa427b65baf39915f52a6fa079ece4253e831f3364c567bf91bc1eef65a/ty-0.0.82-py3-none-win_amd64.whl", hash = "sha256:1e4a6c1ca2dc1a6929517d73a47cd626989bb8bd67811425fbe022d06eb2bf73", size = 14003730, upload-time = "2026-09-17T19:42:08.268Z" },
    { url = "https://files.pythonhosted.org/packages/8b/fc/3b95100993d28acb2f3bcf3a49846985f5b2aafab6562627d018f6d23788/ty-0.0.82-py3-none-win_arm64.whl", hash = "sha256:a6f0e8a1f961518746edbccc5986945c01a56a917ebe37117aa028a038d54ae3", size = 13567713, upload-time = "2026-09-17T19:42:10.248Z" },
]
